
Microsoft Visual Studio Solution File, Format Version 12.00
# Visual Studio Version 17
VisualStudioVersion = 17.4.33006.217
MinimumVisualStudioVersion = 10.0.40219.1
Project("{9A19103F-16F7-4668-BE54-9A1E7A4F7556}") = "MinMaxOfCollection", "src\MinMaxOfCollection\MinMaxOfCollection.csproj", "{5FA9E14B-539C-4302-AACE-C32611D121C7}"
EndProject
Project("{9A19103F-16F7-4668-BE54-9A1E7A4F7556}") = "FizzBuzz", "src\FizzBuzz\FizzBuzz.csproj", "{BCCE338C-F975-4F32-93AF-D3D41355DDC3}"
EndProject
Project("{9A19103F-16F7-4668-BE54-9A1E7A4F7556}") = "CheckForDupllicatesInCollection", "src\CheckForDupllicatesInCollection\CheckForDupllicatesInCollection.csproj", "{ED5AF2A0-6928-4B47-ACE9-1C707138A4C3}"
EndProject
Project("{9A19103F-16F7-4668-BE54-9A1E7A4F7556}") = "BinarySearch", "src\BinarySearch\BinarySearch.csproj", "{ADA44436-7877-4B5C-8718-61E7EADA0D66}"
EndProject
Global
	GlobalSection(SolutionConfigurationPlatforms) = preSolution
		Debug|Any CPU = Debug|Any CPU
		Release|Any CPU = Release|Any CPU
	EndGlobalSection
	GlobalSection(ProjectConfigurationPlatforms) = postSolution
		{5FA9E14B-539C-4302-AACE-C32611D121C7}.Debug|Any CPU.ActiveCfg = Debug|Any CPU
		{5FA9E14B-539C-4302-AACE-C32611D121C7}.Debug|Any CPU.Build.0 = Debug|Any CPU
		{5FA9E14B-539C-4302-AACE-C32611D121C7}.Release|Any CPU.ActiveCfg = Release|Any CPU
		{5FA9E14B-539C-4302-AACE-C32611D121C7}.Release|Any CPU.Build.0 = Release|Any CPU
		{BCCE338C-F975-4F32-93AF-D3D41355DDC3}.Debug|Any CPU.ActiveCfg = Debug|Any CPU
		{BCCE338C-F975-4F32-93AF-D3D41355DDC3}.Debug|Any CPU.Build.0 = Debug|Any CPU
		{BCCE338C-F975-4F32-93AF-D3D41355DDC3}.Release|Any CPU.ActiveCfg = Release|Any CPU
		{BCCE338C-F975-4F32-93AF-D3D41355DDC3}.Release|Any CPU.Build.0 = Release|Any CPU
		{ED5AF2A0-6928-4B47-ACE9-1C707138A4C3}.Debug|Any CPU.ActiveCfg = Debug|Any CPU
		{ED5AF2A0-6928-4B47-ACE9-1C707138A4C3}.Debug|Any CPU.Build.0 = Debug|Any CPU
		{ED5AF2A0-6928-4B47-ACE9-1C707138A4C3}.Release|Any CPU.ActiveCfg = Release|Any CPU
		{ED5AF2A0-6928-4B47-ACE9-1C707138A4C3}.Release|Any CPU.Build.0 = Release|Any CPU
		{ADA44436-7877-4B5C-8718-61E7EADA0D66}.Debug|Any CPU.ActiveCfg = Debug|Any CPU
		{ADA44436-7877-4B5C-8718-61E7EADA0D66}.Debug|Any CPU.Build.0 = Debug|Any CPU
		{ADA44436-7877-4B5C-8718-61E7EADA0D66}.Release|Any CPU.ActiveCfg = Release|Any CPU
		{ADA44436-7877-4B5C-8718-61E7EADA0D66}.Release|Any CPU.Build.0 = Release|Any CPU
	EndGlobalSection
	GlobalSection(SolutionProperties) = preSolution
		HideSolutionNode = FALSE
	EndGlobalSection
	GlobalSection(ExtensibilityGlobals) = postSolution
		SolutionGuid = {48BF0F28-663C-477D-A057-6A48598A5DF8}
	EndGlobalSection
EndGlobal
