
Microsoft Visual Studio Solution File, Format Version 12.00
# Visual Studio Version 17
VisualStudioVersion = 17.4.33006.217
MinimumVisualStudioVersion = 10.0.40219.1
Project("{9A19103F-16F7-4668-BE54-9A1E7A4F7556}") = "MinMaxOfCollection", "src\MinMaxOfCollection\MinMaxOfCollection.csproj", "{5FA9E14B-539C-4302-AACE-C32611D121C7}"
EndProject
Project("{9A19103F-16F7-4668-BE54-9A1E7A4F7556}") = "FizzBuzz", "src\FizzBuzz\FizzBuzz.csproj", "{BCCE338C-F975-4F32-93AF-D3D41355DDC3}"
EndProject
Project("{9A19103F-16F7-4668-BE54-9A1E7A4F7556}") = "CheckForDupllicatesInCollection", "src\CheckForDupllicatesInCollection\CheckForDupllicatesInCollection.csproj", "{ED5AF2A0-6928-4B47-ACE9-1C707138A4C3}"
EndProject
Project("{9A19103F-16F7-4668-BE54-9A1E7A4F7556}") = "BinarySearch", "src\BinarySearch\BinarySearch.csproj", "{ADA44436-7877-4B5C-8718-61E7EADA0D66}"
EndProject
Project("{2150E333-8FDC-42A3-9474-1A3956D46DE8}") = "SearchAlgorithms", "SearchAlgorithms", "{23B6CA10-8A2B-413F-A459-7154D30B7E7F}"
EndProject
Project("{2150E333-8FDC-42A3-9474-1A3956D46DE8}") = "TreeAlgorithms", "TreeAlgorithms", "{2B170E22-4359-4065-8D17-665DE9AF3FEA}"
EndProject
Project("{9A19103F-16F7-4668-BE54-9A1E7A4F7556}") = "CheckEqualityOfBinaryTrees", "src\CheckEqualityOfBinaryTrees\CheckEqualityOfBinaryTrees.csproj", "{98AFFFB0-3904-4958-B80B-22189B74769F}"
EndProject
Project("{9A19103F-16F7-4668-BE54-9A1E7A4F7556}") = "PrintTree", "src\PrintTree\PrintTree.csproj", "{8FFD7727-D359-49C7-8783-69E1482A4F44}"
EndProject
Project("{9A19103F-16F7-4668-BE54-9A1E7A4F7556}") = "TreeReusables", "src\TreeReusables\TreeReusables.csproj", "{DDD39F27-DC2F-4B30-8A84-83E03B772E50}"
EndProject
Project("{FAE04EC0-301F-11D3-BF4B-00C04F79EFBC}") = "PlusMinus", "src\PlusMinus\PlusMinus.csproj", "{B14D352B-2AEA-4169-A50E-9E7CBE35D2FF}"
EndProject
Project("{FAE04EC0-301F-11D3-BF4B-00C04F79EFBC}") = "MiniMaxSum", "src\MiniMaxSum\MiniMaxSum.csproj", "{82BF15ED-C203-40A7-9F5E-C11613EC3A55}"
EndProject
Project("{FAE04EC0-301F-11D3-BF4B-00C04F79EFBC}") = "TimeConversion", "src\TimeConversion\TimeConversion.csproj", "{8E653C18-B32E-4FCC-A679-8621625CC284}"
EndProject
Global
	GlobalSection(SolutionConfigurationPlatforms) = preSolution
		Debug|Any CPU = Debug|Any CPU
		Release|Any CPU = Release|Any CPU
	EndGlobalSection
	GlobalSection(ProjectConfigurationPlatforms) = postSolution
		{5FA9E14B-539C-4302-AACE-C32611D121C7}.Debug|Any CPU.ActiveCfg = Debug|Any CPU
		{5FA9E14B-539C-4302-AACE-C32611D121C7}.Debug|Any CPU.Build.0 = Debug|Any CPU
		{5FA9E14B-539C-4302-AACE-C32611D121C7}.Release|Any CPU.ActiveCfg = Release|Any CPU
		{5FA9E14B-539C-4302-AACE-C32611D121C7}.Release|Any CPU.Build.0 = Release|Any CPU
		{BCCE338C-F975-4F32-93AF-D3D41355DDC3}.Debug|Any CPU.ActiveCfg = Debug|Any CPU
		{BCCE338C-F975-4F32-93AF-D3D41355DDC3}.Debug|Any CPU.Build.0 = Debug|Any CPU
		{BCCE338C-F975-4F32-93AF-D3D41355DDC3}.Release|Any CPU.ActiveCfg = Release|Any CPU
		{BCCE338C-F975-4F32-93AF-D3D41355DDC3}.Release|Any CPU.Build.0 = Release|Any CPU
		{ED5AF2A0-6928-4B47-ACE9-1C707138A4C3}.Debug|Any CPU.ActiveCfg = Debug|Any CPU
		{ED5AF2A0-6928-4B47-ACE9-1C707138A4C3}.Debug|Any CPU.Build.0 = Debug|Any CPU
		{ED5AF2A0-6928-4B47-ACE9-1C707138A4C3}.Release|Any CPU.ActiveCfg = Release|Any CPU
		{ED5AF2A0-6928-4B47-ACE9-1C707138A4C3}.Release|Any CPU.Build.0 = Release|Any CPU
		{ADA44436-7877-4B5C-8718-61E7EADA0D66}.Debug|Any CPU.ActiveCfg = Debug|Any CPU
		{ADA44436-7877-4B5C-8718-61E7EADA0D66}.Debug|Any CPU.Build.0 = Debug|Any CPU
		{ADA44436-7877-4B5C-8718-61E7EADA0D66}.Release|Any CPU.ActiveCfg = Release|Any CPU
		{ADA44436-7877-4B5C-8718-61E7EADA0D66}.Release|Any CPU.Build.0 = Release|Any CPU
		{98AFFFB0-3904-4958-B80B-22189B74769F}.Debug|Any CPU.ActiveCfg = Debug|Any CPU
		{98AFFFB0-3904-4958-B80B-22189B74769F}.Debug|Any CPU.Build.0 = Debug|Any CPU
		{98AFFFB0-3904-4958-B80B-22189B74769F}.Release|Any CPU.ActiveCfg = Release|Any CPU
		{98AFFFB0-3904-4958-B80B-22189B74769F}.Release|Any CPU.Build.0 = Release|Any CPU
		{8FFD7727-D359-49C7-8783-69E1482A4F44}.Debug|Any CPU.ActiveCfg = Debug|Any CPU
		{8FFD7727-D359-49C7-8783-69E1482A4F44}.Debug|Any CPU.Build.0 = Debug|Any CPU
		{8FFD7727-D359-49C7-8783-69E1482A4F44}.Release|Any CPU.ActiveCfg = Release|Any CPU
		{8FFD7727-D359-49C7-8783-69E1482A4F44}.Release|Any CPU.Build.0 = Release|Any CPU
		{DDD39F27-DC2F-4B30-8A84-83E03B772E50}.Debug|Any CPU.ActiveCfg = Debug|Any CPU
		{DDD39F27-DC2F-4B30-8A84-83E03B772E50}.Debug|Any CPU.Build.0 = Debug|Any CPU
		{DDD39F27-DC2F-4B30-8A84-83E03B772E50}.Release|Any CPU.ActiveCfg = Release|Any CPU
		{DDD39F27-DC2F-4B30-8A84-83E03B772E50}.Release|Any CPU.Build.0 = Release|Any CPU
		{B14D352B-2AEA-4169-A50E-9E7CBE35D2FF}.Debug|Any CPU.ActiveCfg = Debug|Any CPU
		{B14D352B-2AEA-4169-A50E-9E7CBE35D2FF}.Debug|Any CPU.Build.0 = Debug|Any CPU
		{B14D352B-2AEA-4169-A50E-9E7CBE35D2FF}.Release|Any CPU.ActiveCfg = Release|Any CPU
		{B14D352B-2AEA-4169-A50E-9E7CBE35D2FF}.Release|Any CPU.Build.0 = Release|Any CPU
		{82BF15ED-C203-40A7-9F5E-C11613EC3A55}.Debug|Any CPU.ActiveCfg = Debug|Any CPU
		{82BF15ED-C203-40A7-9F5E-C11613EC3A55}.Debug|Any CPU.Build.0 = Debug|Any CPU
		{82BF15ED-C203-40A7-9F5E-C11613EC3A55}.Release|Any CPU.ActiveCfg = Release|Any CPU
		{82BF15ED-C203-40A7-9F5E-C11613EC3A55}.Release|Any CPU.Build.0 = Release|Any CPU
		{8E653C18-B32E-4FCC-A679-8621625CC284}.Debug|Any CPU.ActiveCfg = Debug|Any CPU
		{8E653C18-B32E-4FCC-A679-8621625CC284}.Debug|Any CPU.Build.0 = Debug|Any CPU
		{8E653C18-B32E-4FCC-A679-8621625CC284}.Release|Any CPU.ActiveCfg = Release|Any CPU
		{8E653C18-B32E-4FCC-A679-8621625CC284}.Release|Any CPU.Build.0 = Release|Any CPU
	EndGlobalSection
	GlobalSection(SolutionProperties) = preSolution
		HideSolutionNode = FALSE
	EndGlobalSection
	GlobalSection(NestedProjects) = preSolution
		{ADA44436-7877-4B5C-8718-61E7EADA0D66} = {23B6CA10-8A2B-413F-A459-7154D30B7E7F}
		{98AFFFB0-3904-4958-B80B-22189B74769F} = {2B170E22-4359-4065-8D17-665DE9AF3FEA}
		{8FFD7727-D359-49C7-8783-69E1482A4F44} = {2B170E22-4359-4065-8D17-665DE9AF3FEA}
		{DDD39F27-DC2F-4B30-8A84-83E03B772E50} = {2B170E22-4359-4065-8D17-665DE9AF3FEA}
	EndGlobalSection
	GlobalSection(ExtensibilityGlobals) = postSolution
		SolutionGuid = {48BF0F28-663C-477D-A057-6A48598A5DF8}
	EndGlobalSection
EndGlobal
